
Microsoft Visual Studio Solution File, Format Version 12.00
# Visual Studio Version 17
VisualStudioVersion = 17.8.34525.116
MinimumVisualStudioVersion = 10.0.40219.1
Project("{FAE04EC0-301F-11D3-BF4B-00C04F79EFBC}") = "IKEA.PL", "IKEA.PL\IKEA.PL.csproj", "{485B891C-AB7C-4DE1-AAE0-263B42CB4A87}"
EndProject
Project("{FAE04EC0-301F-11D3-BF4B-00C04F79EFBC}") = "IKEA.BLL", "IKEA.BLL\IKEA.BLL.csproj", "{B08F14D9-20E4-410C-AA8E-56769B7AAE47}"
EndProject
Project("{FAE04EC0-301F-11D3-BF4B-00C04F79EFBC}") = "IKEA.DAL", "IKEA.DAL\IKEA.DAL.csproj", "{9CB72F13-1915-4959-9833-C4F546D4AF97}"
EndProject
Global
	GlobalSection(SolutionConfigurationPlatforms) = preSolution
		Debug|Any CPU = Debug|Any CPU
		Release|Any CPU = Release|Any CPU
	EndGlobalSection
	GlobalSection(ProjectConfigurationPlatforms) = postSolution
		{485B891C-AB7C-4DE1-AAE0-263B42CB4A87}.Debug|Any CPU.ActiveCfg = Debug|Any CPU
		{485B891C-AB7C-4DE1-AAE0-263B42CB4A87}.Debug|Any CPU.Build.0 = Debug|Any CPU
		{485B891C-AB7C-4DE1-AAE0-263B42CB4A87}.Release|Any CPU.ActiveCfg = Release|Any CPU
		{485B891C-AB7C-4DE1-AAE0-263B42CB4A87}.Release|Any CPU.Build.0 = Release|Any CPU
		{B08F14D9-20E4-410C-AA8E-56769B7AAE47}.Debug|Any CPU.ActiveCfg = Debug|Any CPU
		{B08F14D9-20E4-410C-AA8E-56769B7AAE47}.Debug|Any CPU.Build.0 = Debug|Any CPU
		{B08F14D9-20E4-410C-AA8E-56769B7AAE47}.Release|Any CPU.ActiveCfg = Release|Any CPU
		{B08F14D9-20E4-410C-AA8E-56769B7AAE47}.Release|Any CPU.Build.0 = Release|Any CPU
		{9CB72F13-1915-4959-9833-C4F546D4AF97}.Debug|Any CPU.ActiveCfg = Debug|Any CPU
		{9CB72F13-1915-4959-9833-C4F546D4AF97}.Debug|Any CPU.Build.0 = Debug|Any CPU
		{9CB72F13-1915-4959-9833-C4F546D4AF97}.Release|Any CPU.ActiveCfg = Release|Any CPU
		{9CB72F13-1915-4959-9833-C4F546D4AF97}.Release|Any CPU.Build.0 = Release|Any CPU
	EndGlobalSection
	GlobalSection(SolutionProperties) = preSolution
		HideSolutionNode = FALSE
	EndGlobalSection
	GlobalSection(ExtensibilityGlobals) = postSolution
		SolutionGuid = {46EAC451-A4DE-4C67-8412-E692C71BA708}
	EndGlobalSection
EndGlobal
